
{
  "name": "backend",
  "version": "1.0.0",
  "lockfileVersion": 2,
  "requires": true,
  "packages": {
    "": {
      "name": "backend",
      "version": "1.0.0",
      "license": "ISC",
      "dependencies": {
        "dotenv": "^16.0.0",
        "web3": "^1.7.0"
      }
    },
    "node_modules/@ethereumjs/common": {
      "version": "2.6.2",
      "resolved": "https://registry.npmjs.org/@ethereumjs/common/-/common-2.6.2.tgz",
      "integrity": "sha512-vDwye5v0SVeuDky4MtKsu+ogkH2oFUV8pBKzH/eNBzT8oI91pKa8WyzDuYuxOQsgNgv5R34LfFDh2aaw3H4HbQ==",
      "dependencies": {
        "crc-32": "^1.2.0",
        "ethereumjs-util": "^7.1.4"
      }
    },
    "node_modules/@ethereumjs/tx": {
      "version": "3.5.0",
      "resolved": "https://registry.npmjs.org/@ethereumjs/tx/-/tx-3.5.0.tgz",
      "integrity": "sha512-/+ZNbnJhQhXC83Xuvy6I9k4jT5sXiV0tMR9C+AzSSpcCV64+NB8dTE1m3x98RYMqb8+TLYWA+HML4F5lfXTlJw==",
      "dependencies": {
        "@ethereumjs/common": "^2.6.1",
        "ethereumjs-util": "^7.1.4"
      }
    },
    "node_modules/@ethersproject/abstract-provider": {
      "version": "5.5.1",
      "resolved": "https://registry.npmjs.org/@ethersproject/abstract-provider/-/abstract-provider-5.5.1.tgz",
      "integrity": "sha512-m+MA/ful6eKbxpr99xUYeRvLkfnlqzrF8SZ46d/xFB1A7ZVknYc/sXJG0RcufF52Qn2jeFj1hhcoQ7IXjNKUqg==",
      "funding": [
        {
          "type": "individual",
          "url": "https://gitcoin.co/grants/13/ethersjs-complete-simple-and-tiny-2"
        },
        {
          "type": "individual",
          "url": "https://www.buymeacoffee.com/ricmoo"
        }
      ],
      "dependencies": {
        "@ethersproject/bignumber": "^5.5.0",
        "@ethersproject/bytes": "^5.5.0",
        "@ethersproject/logger": "^5.5.0",
        "@ethersproject/networks": "^5.5.0",
        "@ethersproject/properties": "^5.5.0",
        "@ethersproject/transactions": "^5.5.0",
        "@ethersproject/web": "^5.5.0"
      }
    },
    "node_modules/@ethersproject/abstract-signer": {
      "version": "5.5.0",
      "resolved": "https://registry.npmjs.org/@ethersproject/abstract-signer/-/abstract-signer-5.5.0.tgz",
      "integrity": "sha512-lj//7r250MXVLKI7sVarXAbZXbv9P50lgmJQGr2/is82EwEb8r7HrxsmMqAjTsztMYy7ohrIhGMIml+Gx4D3mA==",
      "funding": [
        {
          "type": "individual",
          "url": "https://gitcoin.co/grants/13/ethersjs-complete-simple-and-tiny-2"
        },
        {
          "type": "individual",
          "url": "https://www.buymeacoffee.com/ricmoo"
        }
      ],
      "dependencies": {
        "@ethersproject/abstract-provider": "^5.5.0",
        "@ethersproject/bignumber": "^5.5.0",
        "@ethersproject/bytes": "^5.5.0",
        "@ethersproject/logger": "^5.5.0",
        "@ethersproject/properties": "^5.5.0"
      }
    },
    "node_modules/@ethersproject/address": {
      "version": "5.5.0",
      "resolved": "https://registry.npmjs.org/@ethersproject/address/-/address-5.5.0.tgz",
      "integrity": "sha512-l4Nj0eWlTUh6ro5IbPTgbpT4wRbdH5l8CQf7icF7sb/SI3Nhd9Y9HzhonTSTi6CefI0necIw7LJqQPopPLZyWw==",
      "funding": [
        {
          "type": "individual",
          "url": "https://gitcoin.co/grants/13/ethersjs-complete-simple-and-tiny-2"
        },
        {
          "type": "individual",
          "url": "https://www.buymeacoffee.com/ricmoo"
        }
      ],
      "dependencies": {
        "@ethersproject/bignumber": "^5.5.0",
        "@ethersproject/bytes": "^5.5.0",
        "@ethersproject/keccak256": "^5.5.0",
        "@ethersproject/logger": "^5.5.0",
        "@ethersproject/rlp": "^5.5.0"
      }
    },
    "node_modules/@ethersproject/base64": {
      "version": "5.5.0",
      "resolved": "https://registry.npmjs.org/@ethersproject/base64/-/base64-5.5.0.tgz",
      "integrity": "sha512-tdayUKhU1ljrlHzEWbStXazDpsx4eg1dBXUSI6+mHlYklOXoXF6lZvw8tnD6oVaWfnMxAgRSKROg3cVKtCcppA==",
      "funding": [
        {
          "type": "individual",
          "url": "https://gitcoin.co/grants/13/ethersjs-complete-simple-and-tiny-2"
        },
        {
          "type": "individual",
          "url": "https://www.buymeacoffee.com/ricmoo"
        }
      ],
      "dependencies": {
        "@ethersproject/bytes": "^5.5.0"
      }
    },
    "node_modules/@ethersproject/bignumber": {
      "version": "5.5.0",
      "resolved": "https://registry.npmjs.org/@ethersproject/bignumber/-/bignumber-5.5.0.tgz",
      "integrity": "sha512-6Xytlwvy6Rn3U3gKEc1vP7nR92frHkv6wtVr95LFR3jREXiCPzdWxKQ1cx4JGQBXxcguAwjA8murlYN2TSiEbg==",
      "funding": [
        {
          "type": "individual",
          "url": "https://gitcoin.co/grants/13/ethersjs-complete-simple-and-tiny-2"
        },
        {
          "type": "individual",
          "url": "https://www.buymeacoffee.com/ricmoo"
        }
      ],
      "dependencies": {
        "@ethersproject/bytes": "^5.5.0",
        "@ethersproject/logger": "^5.5.0",
        "bn.js": "^4.11.9"
      }
    },
    "node_modules/@ethersproject/bytes": {
      "version": "5.5.0",
      "resolved": "https://registry.npmjs.org/@ethersproject/bytes/-/bytes-5.5.0.tgz",
      "integrity": "sha512-ABvc7BHWhZU9PNM/tANm/Qx4ostPGadAuQzWTr3doklZOhDlmcBqclrQe/ZXUIj3K8wC28oYeuRa+A37tX9kog==",
      "funding": [
        {
          "type": "individual",
          "url": "https://gitcoin.co/grants/13/ethersjs-complete-simple-and-tiny-2"
        },
        {
          "type": "individual",
          "url": "https://www.buymeacoffee.com/ricmoo"
        }
      ],
      "dependencies": {
        "@ethersproject/logger": "^5.5.0"
      }
    },
    "node_modules/@ethersproject/constants": {
      "version": "5.5.0",
      "resolved": "https://registry.npmjs.org/@ethersproject/constants/-/constants-5.5.0.tgz",
      "integrity": "sha512-2MsRRVChkvMWR+GyMGY4N1sAX9Mt3J9KykCsgUFd/1mwS0UH1qw+Bv9k1UJb3X3YJYFco9H20pjSlOIfCG5HYQ==",
      "funding": [
        {
          "type": "individual",
          "url": "https://gitcoin.co/grants/13/ethersjs-complete-simple-and-tiny-2"
        },
        {
          "type": "individual",
          "url": "https://www.buymeacoffee.com/ricmoo"
        }
      ],
      "dependencies": {
        "@ethersproject/bignumber": "^5.5.0"
      }
    },
    "node_modules/@ethersproject/hash": {
      "version": "5.5.0",
      "resolved": "https://registry.npmjs.org/@ethersproject/hash/-/hash-5.5.0.tgz",
      "integrity": "sha512-dnGVpK1WtBjmnp3mUT0PlU2MpapnwWI0PibldQEq1408tQBAbZpPidkWoVVuNMOl/lISO3+4hXZWCL3YV7qzfg==",
      "funding": [
        {
          "type": "individual",
          "url": "https://gitcoin.co/grants/13/ethersjs-complete-simple-and-tiny-2"
        },
        {
          "type": "individual",
          "url": "https://www.buymeacoffee.com/ricmoo"
        }
      ],
      "dependencies": {
        "@ethersproject/abstract-signer": "^5.5.0",
        "@ethersproject/address": "^5.5.0",
        "@ethersproject/bignumber": "^5.5.0",
        "@ethersproject/bytes": "^5.5.0",
        "@ethersproject/keccak256": "^5.5.0",
        "@ethersproject/logger": "^5.5.0",
        "@ethersproject/properties": "^5.5.0",
        "@ethersproject/strings": "^5.5.0"
      }
    },
    "node_modules/@ethersproject/keccak256": {
      "version": "5.5.0",
      "resolved": "https://registry.npmjs.org/@ethersproject/keccak256/-/keccak256-5.5.0.tgz",
      "integrity": "sha512-5VoFCTjo2rYbBe1l2f4mccaRFN/4VQEYFwwn04aJV2h7qf4ZvI2wFxUE1XOX+snbwCLRzIeikOqtAoPwMza9kg==",
      "funding": [
        {
          "type": "individual",
          "url": "https://gitcoin.co/grants/13/ethersjs-complete-simple-and-tiny-2"
        },
        {
          "type": "individual",
          "url": "https://www.buymeacoffee.com/ricmoo"
        }
      ],
      "dependencies": {
        "@ethersproject/bytes": "^5.5.0",
        "js-sha3": "0.8.0"
      }
    },
    "node_modules/@ethersproject/logger": {
      "version": "5.5.0",
      "resolved": "https://registry.npmjs.org/@ethersproject/logger/-/logger-5.5.0.tgz",
      "integrity": "sha512-rIY/6WPm7T8n3qS2vuHTUBPdXHl+rGxWxW5okDfo9J4Z0+gRRZT0msvUdIJkE4/HS29GUMziwGaaKO2bWONBrg==",
      "funding": [
        {
          "type": "individual",
          "url": "https://gitcoin.co/grants/13/ethersjs-complete-simple-and-tiny-2"
        },
        {
          "type": "individual",
          "url": "https://www.buymeacoffee.com/ricmoo"
        }
      ]
    },
    "node_modules/@ethersproject/networks": {
      "version": "5.5.2",
      "resolved": "https://registry.npmjs.org/@ethersproject/networks/-/networks-5.5.2.tgz",
      "integrity": "sha512-NEqPxbGBfy6O3x4ZTISb90SjEDkWYDUbEeIFhJly0F7sZjoQMnj5KYzMSkMkLKZ+1fGpx00EDpHQCy6PrDupkQ==",
      "funding": [
        {
          "type": "individual",
          "url": "https://gitcoin.co/grants/13/ethersjs-complete-simple-and-tiny-2"
        },
        {
          "type": "individual",
          "url": "https://www.buymeacoffee.com/ricmoo"
        }
      ],
      "dependencies": {
        "@ethersproject/logger": "^5.5.0"
      }
    },
    "node_modules/@ethersproject/properties": {
      "version": "5.5.0",
      "resolved": "https://registry.npmjs.org/@ethersproject/properties/-/properties-5.5.0.tgz",
      "integrity": "sha512-l3zRQg3JkD8EL3CPjNK5g7kMx4qSwiR60/uk5IVjd3oq1MZR5qUg40CNOoEJoX5wc3DyY5bt9EbMk86C7x0DNA==",
      "funding": [
        {
          "type": "individual",
          "url": "https://gitcoin.co/grants/13/ethersjs-complete-simple-and-tiny-2"
        },
        {
          "type": "individual",
          "url": "https://www.buymeacoffee.com/ricmoo"
        }
      ],
      "dependencies": {
        "@ethersproject/logger": "^5.5.0"
      }
    },
    "node_modules/@ethersproject/rlp": {
      "version": "5.5.0",
      "resolved": "https://registry.npmjs.org/@ethersproject/rlp/-/rlp-5.5.0.tgz",
      "integrity": "sha512-hLv8XaQ8PTI9g2RHoQGf/WSxBfTB/NudRacbzdxmst5VHAqd1sMibWG7SENzT5Dj3yZ3kJYx+WiRYEcQTAkcYA==",
      "funding": [
        {
          "type": "individual",
          "url": "https://gitcoin.co/grants/13/ethersjs-complete-simple-and-tiny-2"
        },
        {
          "type": "individual",
          "url": "https://www.buymeacoffee.com/ricmoo"
        }
      ],
      "dependencies": {
        "@ethersproject/bytes": "^5.5.0",
        "@ethersproject/logger": "^5.5.0"
      }
    },
    "node_modules/@ethersproject/signing-key": {
      "version": "5.5.0",
      "resolved": "https://registry.npmjs.org/@ethersproject/signing-key/-/signing-key-5.5.0.tgz",
      "integrity": "sha512-5VmseH7qjtNmDdZBswavhotYbWB0bOwKIlOTSlX14rKn5c11QmJwGt4GHeo7NrL/Ycl7uo9AHvEqs5xZgFBTng==",
      "funding": [
        {
          "type": "individual",
          "url": "https://gitcoin.co/grants/13/ethersjs-complete-simple-and-tiny-2"
        },
        {
          "type": "individual",
          "url": "https://www.buymeacoffee.com/ricmoo"
        }
      ],
      "dependencies": {
        "@ethersproject/bytes": "^5.5.0",
        "@ethersproject/logger": "^5.5.0",
        "@ethersproject/properties": "^5.5.0",
        "bn.js": "^4.11.9",
        "elliptic": "6.5.4",
        "hash.js": "1.1.7"
      }
    },
    "node_modules/@ethersproject/strings": {
      "version": "5.5.0",
      "resolved": "https://registry.npmjs.org/@ethersproject/strings/-/strings-5.5.0.tgz",
      "integrity": "sha512-9fy3TtF5LrX/wTrBaT8FGE6TDJyVjOvXynXJz5MT5azq+E6D92zuKNx7i29sWW2FjVOaWjAsiZ1ZWznuduTIIQ==",
      "funding": [
        {
          "type": "individual",
          "url": "https://gitcoin.co/grants/13/ethersjs-complete-simple-and-tiny-2"
        },
        {
          "type": "individual",
          "url": "https://www.buymeacoffee.com/ricmoo"
        }
      ],
      "dependencies": {
        "@ethersproject/bytes": "^5.5.0",
        "@ethersproject/constants": "^5.5.0",
        "@ethersproject/logger": "^5.5.0"
      }
    },
    "node_modules/@ethersproject/transactions": {
      "version": "5.5.0",
      "resolved": "https://registry.npmjs.org/@ethersproject/transactions/-/transactions-5.5.0.tgz",
      "integrity": "sha512-9RZYSKX26KfzEd/1eqvv8pLauCKzDTub0Ko4LfIgaERvRuwyaNV78mJs7cpIgZaDl6RJui4o49lHwwCM0526zA==",
      "funding": [
        {
          "type": "individual",
          "url": "https://gitcoin.co/grants/13/ethersjs-complete-simple-and-tiny-2"
        },
        {
          "type": "individual",
          "url": "https://www.buymeacoffee.com/ricmoo"
        }
      ],
      "dependencies": {
        "@ethersproject/address": "^5.5.0",
        "@ethersproject/bignumber": "^5.5.0",
        "@ethersproject/bytes": "^5.5.0",
        "@ethersproject/constants": "^5.5.0",
        "@ethersproject/keccak256": "^5.5.0",
        "@ethersproject/logger": "^5.5.0",
        "@ethersproject/properties": "^5.5.0",
        "@ethersproject/rlp": "^5.5.0",
        "@ethersproject/signing-key": "^5.5.0"
      }
    },
    "node_modules/@ethersproject/web": {
      "version": "5.5.1",
      "resolved": "https://registry.npmjs.org/@ethersproject/web/-/web-5.5.1.tgz",
      "integrity": "sha512-olvLvc1CB12sREc1ROPSHTdFCdvMh0J5GSJYiQg2D0hdD4QmJDy8QYDb1CvoqD/bF1c++aeKv2sR5uduuG9dQg==",
      "funding": [
        {
          "type": "individual",
          "url": "https://gitcoin.co/grants/13/ethersjs-complete-simple-and-tiny-2"
        },
        {
          "type": "individual",
          "url": "https://www.buymeacoffee.com/ricmoo"
        }
      ],
      "dependencies": {
        "@ethersproject/base64": "^5.5.0",
        "@ethersproject/bytes": "^5.5.0",
        "@ethersproject/logger": "^5.5.0",
        "@ethersproject/properties": "^5.5.0",
        "@ethersproject/strings": "^5.5.0"
      }
    },
    "node_modules/@sindresorhus/is": {
      "version": "0.14.0",
      "resolved": "https://registry.npmjs.org/@sindresorhus/is/-/is-0.14.0.tgz",
      "integrity": "sha512-9NET910DNaIPngYnLLPeg+Ogzqsi9uM4mSboU5y6p8S5DzMTVEsJZrawi+BoDNUVBa2DhJqQYUFvMDfgU062LQ==",
      "engines": {
        "node": ">=6"
      }
    },
    "node_modules/@szmarczak/http-timer": {
      "version": "1.1.2",
      "resolved": "https://registry.npmjs.org/@szmarczak/http-timer/-/http-timer-1.1.2.tgz",
      "integrity": "sha512-XIB2XbzHTN6ieIjfIMV9hlVcfPU26s2vafYWQcZHWXHOxiaRZYEDKEwdl129Zyg50+foYV2jCgtrqSA6qNuNSA==",
      "dependencies": {
        "defer-to-connect": "^1.0.1"
      },
      "engines": {
        "node": ">=6"
      }
    },
    "node_modules/@types/bn.js": {
      "version": "4.11.6",
      "resolved": "https://registry.npmjs.org/@types/bn.js/-/bn.js-4.11.6.tgz",
      "integrity": "sha512-pqr857jrp2kPuO9uRjZ3PwnJTjoQy+fcdxvBTvHm6dkmEL9q+hDD/2j/0ELOBPtPnS8LjCX0gI9nbl8lVkadpg==",
      "dependencies": {
        "@types/node": "*"
      }
    },
    "node_modules/@types/node": {
      "version": "17.0.21",
      "resolved": "https://registry.npmjs.org/@types/node/-/node-17.0.21.tgz",
      "integrity": "sha512-DBZCJbhII3r90XbQxI8Y9IjjiiOGlZ0Hr32omXIZvwwZ7p4DMMXGrKXVyPfuoBOri9XNtL0UK69jYIBIsRX3QQ=="
    },
    "node_modules/@types/pbkdf2": {
      "version": "3.1.0",
      "resolved": "https://registry.npmjs.org/@types/pbkdf2/-/pbkdf2-3.1.0.tgz",
      "integrity": "sha512-Cf63Rv7jCQ0LaL8tNXmEyqTHuIJxRdlS5vMh1mj5voN4+QFhVZnlZruezqpWYDiJ8UTzhP0VmeLXCmBk66YrMQ==",
      "dependencies": {
        "@types/node": "*"
      }
    },
    "node_modules/@types/secp256k1": {
      "version": "4.0.3",
      "resolved": "https://registry.npmjs.org/@types/secp256k1/-/secp256k1-4.0.3.tgz",
      "integrity": "sha512-Da66lEIFeIz9ltsdMZcpQvmrmmoqrfju8pm1BH8WbYjZSwUgCwXLb9C+9XYogwBITnbsSaMdVPb2ekf7TV+03w==",
      "dependencies": {
        "@types/node": "*"
      }
    },
    "node_modules/accepts": {
      "version": "1.3.8",
      "resolved": "https://registry.npmjs.org/accepts/-/accepts-1.3.8.tgz",
      "integrity": "sha512-PYAthTa2m2VKxuvSD3DPC/Gy+U+sOA1LAuT8mkmRuvw+NACSaeXEQ+NHcVF7rONl6qcaxV3Uuemwawk+7+SJLw==",
      "dependencies": {
        "mime-types": "~2.1.34",
        "negotiator": "0.6.3"
      },
      "engines": {
        "node": ">= 0.6"
      }
    },
    "node_modules/ajv": {
      "version": "6.12.6",
      "resolved": "https://registry.npmjs.org/ajv/-/ajv-6.12.6.tgz",
      "integrity": "sha512-j3fVLgvTo527anyYyJOGTYJbG+vnnQYvE0m5mmkc1TK+nxAppkCLMIL0aZ4dblVCNoGShhm+kzE4ZUykBoMg4g==",
      "dependencies": {
        "fast-deep-equal": "^3.1.1",
        "fast-json-stable-stringify": "^2.0.0",
        "json-schema-traverse": "^0.4.1",
        "uri-js": "^4.2.2"
      },
      "funding": {
        "type": "github",
        "url": "https://github.com/sponsors/epoberezkin"