
{
  "name": "backend",
  "version": "1.0.0",
  "lockfileVersion": 2,
  "requires": true,
  "packages": {
    "": {
      "name": "backend",
      "version": "1.0.0",
      "license": "ISC",
      "dependencies": {
        "dotenv": "^16.0.0",
        "web3": "^1.7.0"
      }
    },
    "node_modules/@ethereumjs/common": {
      "version": "2.6.2",
      "resolved": "https://registry.npmjs.org/@ethereumjs/common/-/common-2.6.2.tgz",
      "integrity": "sha512-vDwye5v0SVeuDky4MtKsu+ogkH2oFUV8pBKzH/eNBzT8oI91pKa8WyzDuYuxOQsgNgv5R34LfFDh2aaw3H4HbQ==",
      "dependencies": {
        "crc-32": "^1.2.0",
        "ethereumjs-util": "^7.1.4"
      }
    },
    "node_modules/@ethereumjs/tx": {
      "version": "3.5.0",
      "resolved": "https://registry.npmjs.org/@ethereumjs/tx/-/tx-3.5.0.tgz",
      "integrity": "sha512-/+ZNbnJhQhXC83Xuvy6I9k4jT5sXiV0tMR9C+AzSSpcCV64+NB8dTE1m3x98RYMqb8+TLYWA+HML4F5lfXTlJw==",
      "dependencies": {
        "@ethereumjs/common": "^2.6.1",
        "ethereumjs-util": "^7.1.4"
      }
    },
    "node_modules/@ethersproject/abstract-provider": {
      "version": "5.5.1",
      "resolved": "https://registry.npmjs.org/@ethersproject/abstract-provider/-/abstract-provider-5.5.1.tgz",
      "integrity": "sha512-m+MA/ful6eKbxpr99xUYeRvLkfnlqzrF8SZ46d/xFB1A7ZVknYc/sXJG0RcufF52Qn2jeFj1hhcoQ7IXjNKUqg==",
      "funding": [
        {
          "type": "individual",
          "url": "https://gitcoin.co/grants/13/ethersjs-complete-simple-and-tiny-2"
        },
        {
          "type": "individual",
          "url": "https://www.buymeacoffee.com/ricmoo"
        }
      ],
      "dependencies": {
        "@ethersproject/bignumber": "^5.5.0",
        "@ethersproject/bytes": "^5.5.0",
        "@ethersproject/logger": "^5.5.0",
        "@ethersproject/networks": "^5.5.0",
        "@ethersproject/properties": "^5.5.0",
        "@ethersproject/transactions": "^5.5.0",
        "@ethersproject/web": "^5.5.0"
      }
    },
    "node_modules/@ethersproject/abstract-signer": {
      "version": "5.5.0",
      "resolved": "https://registry.npmjs.org/@ethersproject/abstract-signer/-/abstract-signer-5.5.0.tgz",
      "integrity": "sha512-lj//7r250MXVLKI7sVarXAbZXbv9P50lgmJQGr2/is82EwEb8r7HrxsmMqAjTsztMYy7ohrIhGMIml+Gx4D3mA==",
      "funding": [
        {
          "type": "individual",
          "url": "https://gitcoin.co/grants/13/ethersjs-complete-simple-and-tiny-2"
        },
        {
          "type": "individual",
          "url": "https://www.buymeacoffee.com/ricmoo"
        }
      ],
      "dependencies": {
        "@ethersproject/abstract-provider": "^5.5.0",
        "@ethersproject/bignumber": "^5.5.0",
        "@ethersproject/bytes": "^5.5.0",
        "@ethersproject/logger": "^5.5.0",
        "@ethersproject/properties": "^5.5.0"
      }
    },
    "node_modules/@ethersproject/address": {
      "version": "5.5.0",
      "resolved": "https://registry.npmjs.org/@ethersproject/address/-/address-5.5.0.tgz",
      "integrity": "sha512-l4Nj0eWlTUh6ro5IbPTgbpT4wRbdH5l8CQf7icF7sb/SI3Nhd9Y9HzhonTSTi6CefI0necIw7LJqQPopPLZyWw==",
      "funding": [
        {
          "type": "individual",
          "url": "https://gitcoin.co/grants/13/ethersjs-complete-simple-and-tiny-2"
        },
        {
          "type": "individual",
          "url": "https://www.buymeacoffee.com/ricmoo"
        }
      ],
      "dependencies": {
        "@ethersproject/bignumber": "^5.5.0",
        "@ethersproject/bytes": "^5.5.0",
        "@ethersproject/keccak256": "^5.5.0",
        "@ethersproject/logger": "^5.5.0",
        "@ethersproject/rlp": "^5.5.0"
      }
    },
    "node_modules/@ethersproject/base64": {
      "version": "5.5.0",
      "resolved": "https://registry.npmjs.org/@ethersproject/base64/-/base64-5.5.0.tgz",